
Microsoft Visual Studio Solution File, Format Version 12.00
# Visual Studio Version 17
VisualStudioVersion = 17.1.32210.238
MinimumVisualStudioVersion = 10.0.40219.1
Project("{FAE04EC0-301F-11D3-BF4B-00C04F79EFBC}") = "FirstWebMVCAppVthree", "FirstWebMVCAppVthree.csproj", "{A06EB716-6F10-41DF-9903-165976C5F62C}"
EndProject
Global
	GlobalSection(SolutionConfigurationPlatforms) = preSolution
		Debug|Any CPU = Debug|Any CPU
		Release|Any CPU = Release|Any CPU
	EndGlobalSection
	GlobalSection(ProjectConfigurationPlatforms) = postSolution
		{A06EB716-6F10-41DF-9903-165976C5F62C}.Debug|Any CPU.ActiveCfg = Debug|Any CPU
		{A06EB716-6F10-41DF-9903-165976C5F62C}.Debug|Any CPU.Build.0 = Debug|Any CPU
		{A06EB716-6F10-41DF-9903-165976C5F62C}.Release|Any CPU.ActiveCfg = Release|Any CPU
		{A06EB716-6F10-41DF-9903-165976C5F62C}.Release|Any CPU.Build.0 = Release|Any CPU
	EndGlobalSection
	GlobalSection(SolutionProperties) = preSolution
		HideSolutionNode = FALSE
	EndGlobalSection
	GlobalSection(ExtensibilityGlobals) = postSolution
		SolutionGuid = {E56437E1-ECA1-4B43-BF0F-F5F3999FFCF4}
	EndGlobalSection
EndGlobal
