
Microsoft Visual Studio Solution File, Format Version 12.00
# Visual Studio Version 17
VisualStudioVersion = 17.1.32210.238
MinimumVisualStudioVersion = 10.0.40219.1
Project("{FAE04EC0-301F-11D3-BF4B-00C04F79EFBC}") = "FirstWebAPIVthree", "FirstWebAPIVthree.csproj", "{448E25A4-AA98-4CE1-895A-A1709F3699DD}"
EndProject
Global
	GlobalSection(SolutionConfigurationPlatforms) = preSolution
		Debug|Any CPU = Debug|Any CPU
		Release|Any CPU = Release|Any CPU
	EndGlobalSection
	GlobalSection(ProjectConfigurationPlatforms) = postSolution
		{448E25A4-AA98-4CE1-895A-A1709F3699DD}.Debug|Any CPU.ActiveCfg = Debug|Any CPU
		{448E25A4-AA98-4CE1-895A-A1709F3699DD}.Debug|Any CPU.Build.0 = Debug|Any CPU
		{448E25A4-AA98-4CE1-895A-A1709F3699DD}.Release|Any CPU.ActiveCfg = Release|Any CPU
		{448E25A4-AA98-4CE1-895A-A1709F3699DD}.Release|Any CPU.Build.0 = Release|Any CPU
	EndGlobalSection
	GlobalSection(SolutionProperties) = preSolution
		HideSolutionNode = FALSE
	EndGlobalSection
	GlobalSection(ExtensibilityGlobals) = postSolution
		SolutionGuid = {EE669FC0-53F2-4CE0-9D64-8FBCA3A665E2}
	EndGlobalSection
EndGlobal
