
Microsoft Visual Studio Solution File, Format Version 12.00
# Visual Studio Version 17
VisualStudioVersion = 17.1.32210.238
MinimumVisualStudioVersion = 10.0.40219.1
Project("{FAE04EC0-301F-11D3-BF4B-00C04F79EFBC}") = "PaymentReceiver", "PaymentReceiver\PaymentReceiver.csproj", "{DE664279-4056-4E30-A85D-933DDDF77F97}"
EndProject
Global
	GlobalSection(SolutionConfigurationPlatforms) = preSolution
		Debug|Any CPU = Debug|Any CPU
		Release|Any CPU = Release|Any CPU
	EndGlobalSection
	GlobalSection(ProjectConfigurationPlatforms) = postSolution
		{DE664279-4056-4E30-A85D-933DDDF77F97}.Debug|Any CPU.ActiveCfg = Debug|Any CPU
		{DE664279-4056-4E30-A85D-933DDDF77F97}.Debug|Any CPU.Build.0 = Debug|Any CPU
		{DE664279-4056-4E30-A85D-933DDDF77F97}.Release|Any CPU.ActiveCfg = Release|Any CPU
		{DE664279-4056-4E30-A85D-933DDDF77F97}.Release|Any CPU.Build.0 = Release|Any CPU
	EndGlobalSection
	GlobalSection(SolutionProperties) = preSolution
		HideSolutionNode = FALSE
	EndGlobalSection
	GlobalSection(ExtensibilityGlobals) = postSolution
		SolutionGuid = {B933A7B9-5F46-4881-99D0-E90FB0E67F5A}
	EndGlobalSection
EndGlobal
