
Microsoft Visual Studio Solution File, Format Version 12.00
# Visual Studio Version 17
VisualStudioVersion = 17.1.32210.238
MinimumVisualStudioVersion = 10.0.40219.1
Project("{FAE04EC0-301F-11D3-BF4B-00C04F79EFBC}") = "BookWebApiVSix", "BookWebApiVSix.csproj", "{3992589E-A5CC-4C2F-9AAB-5E6C54DCA0CC}"
EndProject
Global
	GlobalSection(SolutionConfigurationPlatforms) = preSolution
		Debug|Any CPU = Debug|Any CPU
		Release|Any CPU = Release|Any CPU
	EndGlobalSection
	GlobalSection(ProjectConfigurationPlatforms) = postSolution
		{3992589E-A5CC-4C2F-9AAB-5E6C54DCA0CC}.Debug|Any CPU.ActiveCfg = Debug|Any CPU
		{3992589E-A5CC-4C2F-9AAB-5E6C54DCA0CC}.Debug|Any CPU.Build.0 = Debug|Any CPU
		{3992589E-A5CC-4C2F-9AAB-5E6C54DCA0CC}.Release|Any CPU.ActiveCfg = Release|Any CPU
		{3992589E-A5CC-4C2F-9AAB-5E6C54DCA0CC}.Release|Any CPU.Build.0 = Release|Any CPU
	EndGlobalSection
	GlobalSection(SolutionProperties) = preSolution
		HideSolutionNode = FALSE
	EndGlobalSection
	GlobalSection(ExtensibilityGlobals) = postSolution
		SolutionGuid = {4572BDE0-40F7-4EBA-B5F2-5DAF8FE2735B}
	EndGlobalSection
EndGlobal
