
Microsoft Visual Studio Solution File, Format Version 12.00
# Visual Studio Version 17
VisualStudioVersion = 17.1.32210.238
MinimumVisualStudioVersion = 10.0.40219.1
Project("{9A19103F-16F7-4668-BE54-9A1E7A4F7556}") = "InvoiceGenerater", "InvoiceGenerater\InvoiceGenerater.csproj", "{CC1DEE6E-D3BD-489B-99C4-4A697945AE88}"
EndProject
Project("{FAE04EC0-301F-11D3-BF4B-00C04F79EFBC}") = "TestProject1", "TestProject1\TestProject1.csproj", "{5A6C448A-83A6-49A2-B326-BD3D38BD0A82}"
EndProject
Global
	GlobalSection(SolutionConfigurationPlatforms) = preSolution
		Debug|Any CPU = Debug|Any CPU
		Release|Any CPU = Release|Any CPU
	EndGlobalSection
	GlobalSection(ProjectConfigurationPlatforms) = postSolution
		{CC1DEE6E-D3BD-489B-99C4-4A697945AE88}.Debug|Any CPU.ActiveCfg = Debug|Any CPU
		{CC1DEE6E-D3BD-489B-99C4-4A697945AE88}.Debug|Any CPU.Build.0 = Debug|Any CPU
		{CC1DEE6E-D3BD-489B-99C4-4A697945AE88}.Release|Any CPU.ActiveCfg = Release|Any CPU
		{CC1DEE6E-D3BD-489B-99C4-4A697945AE88}.Release|Any CPU.Build.0 = Release|Any CPU
		{5A6C448A-83A6-49A2-B326-BD3D38BD0A82}.Debug|Any CPU.ActiveCfg = Debug|Any CPU
		{5A6C448A-83A6-49A2-B326-BD3D38BD0A82}.Debug|Any CPU.Build.0 = Debug|Any CPU
		{5A6C448A-83A6-49A2-B326-BD3D38BD0A82}.Release|Any CPU.ActiveCfg = Release|Any CPU
		{5A6C448A-83A6-49A2-B326-BD3D38BD0A82}.Release|Any CPU.Build.0 = Release|Any CPU
	EndGlobalSection
	GlobalSection(SolutionProperties) = preSolution
		HideSolutionNode = FALSE
	EndGlobalSection
	GlobalSection(ExtensibilityGlobals) = postSolution
		SolutionGuid = {77505755-CC4F-402D-8C0E-0A190E8F7B51}
	EndGlobalSection
EndGlobal
