
Microsoft Visual Studio Solution File, Format Version 12.00
# Visual Studio Version 17
VisualStudioVersion = 17.1.32210.238
MinimumVisualStudioVersion = 10.0.40219.1
Project("{FAE04EC0-301F-11D3-BF4B-00C04F79EFBC}") = "CustomersWebApp", "CustomersWebApp.csproj", "{BBDF1DF8-4E2D-44D6-9A0E-B4C782375594}"
EndProject
Global
	GlobalSection(SolutionConfigurationPlatforms) = preSolution
		Debug|Any CPU = Debug|Any CPU
		Release|Any CPU = Release|Any CPU
	EndGlobalSection
	GlobalSection(ProjectConfigurationPlatforms) = postSolution
		{BBDF1DF8-4E2D-44D6-9A0E-B4C782375594}.Debug|Any CPU.ActiveCfg = Debug|Any CPU
		{BBDF1DF8-4E2D-44D6-9A0E-B4C782375594}.Debug|Any CPU.Build.0 = Debug|Any CPU
		{BBDF1DF8-4E2D-44D6-9A0E-B4C782375594}.Release|Any CPU.ActiveCfg = Release|Any CPU
		{BBDF1DF8-4E2D-44D6-9A0E-B4C782375594}.Release|Any CPU.Build.0 = Release|Any CPU
	EndGlobalSection
	GlobalSection(SolutionProperties) = preSolution
		HideSolutionNode = FALSE
	EndGlobalSection
	GlobalSection(ExtensibilityGlobals) = postSolution
		SolutionGuid = {6CBF8D22-2D6E-44DE-ADE6-6B66B3FFC525}
	EndGlobalSection
EndGlobal
