
Microsoft Visual Studio Solution File, Format Version 12.00
# Visual Studio Version 17
VisualStudioVersion = 17.1.32210.238
MinimumVisualStudioVersion = 10.0.40219.1
Project("{FAE04EC0-301F-11D3-BF4B-00C04F79EFBC}") = "UserDetailsWebApp", "UserDetailsWebApp.csproj", "{C46A9EF7-4441-4A79-BD0E-5535F120D83E}"
EndProject
Global
	GlobalSection(SolutionConfigurationPlatforms) = preSolution
		Debug|Any CPU = Debug|Any CPU
		Release|Any CPU = Release|Any CPU
	EndGlobalSection
	GlobalSection(ProjectConfigurationPlatforms) = postSolution
		{C46A9EF7-4441-4A79-BD0E-5535F120D83E}.Debug|Any CPU.ActiveCfg = Debug|Any CPU
		{C46A9EF7-4441-4A79-BD0E-5535F120D83E}.Debug|Any CPU.Build.0 = Debug|Any CPU
		{C46A9EF7-4441-4A79-BD0E-5535F120D83E}.Release|Any CPU.ActiveCfg = Release|Any CPU
		{C46A9EF7-4441-4A79-BD0E-5535F120D83E}.Release|Any CPU.Build.0 = Release|Any CPU
	EndGlobalSection
	GlobalSection(SolutionProperties) = preSolution
		HideSolutionNode = FALSE
	EndGlobalSection
	GlobalSection(ExtensibilityGlobals) = postSolution
		SolutionGuid = {A89AEAB8-BAC4-414C-9911-5F47BA5E4378}
	EndGlobalSection
EndGlobal
