
Microsoft Visual Studio Solution File, Format Version 12.00
# Visual Studio Version 17
VisualStudioVersion = 17.1.32210.238
MinimumVisualStudioVersion = 10.0.40219.1
Project("{FAE04EC0-301F-11D3-BF4B-00C04F79EFBC}") = "QueueConsoleExample", "QueueConsoleExample\QueueConsoleExample.csproj", "{3989B8FE-ABFA-416E-AA87-622B08E3333D}"
EndProject
Global
	GlobalSection(SolutionConfigurationPlatforms) = preSolution
		Debug|Any CPU = Debug|Any CPU
		Release|Any CPU = Release|Any CPU
	EndGlobalSection
	GlobalSection(ProjectConfigurationPlatforms) = postSolution
		{3989B8FE-ABFA-416E-AA87-622B08E3333D}.Debug|Any CPU.ActiveCfg = Debug|Any CPU
		{3989B8FE-ABFA-416E-AA87-622B08E3333D}.Debug|Any CPU.Build.0 = Debug|Any CPU
		{3989B8FE-ABFA-416E-AA87-622B08E3333D}.Release|Any CPU.ActiveCfg = Release|Any CPU
		{3989B8FE-ABFA-416E-AA87-622B08E3333D}.Release|Any CPU.Build.0 = Release|Any CPU
	EndGlobalSection
	GlobalSection(SolutionProperties) = preSolution
		HideSolutionNode = FALSE
	EndGlobalSection
	GlobalSection(ExtensibilityGlobals) = postSolution
		SolutionGuid = {0A96ABF2-6828-47AB-B69D-115E78F6DDF3}
	EndGlobalSection
EndGlobal
