
Microsoft Visual Studio Solution File, Format Version 12.00
# Visual Studio Version 17
VisualStudioVersion = 17.1.32210.238
MinimumVisualStudioVersion = 10.0.40219.1
Project("{FAE04EC0-301F-11D3-BF4B-00C04F79EFBC}") = "ExceptionHnadline", "ExceptionHnadline\ExceptionHnadline.csproj", "{8BEE8D47-3C26-4862-B75E-8ED843B41BA7}"
EndProject
Global
	GlobalSection(SolutionConfigurationPlatforms) = preSolution
		Debug|Any CPU = Debug|Any CPU
		Release|Any CPU = Release|Any CPU
	EndGlobalSection
	GlobalSection(ProjectConfigurationPlatforms) = postSolution
		{8BEE8D47-3C26-4862-B75E-8ED843B41BA7}.Debug|Any CPU.ActiveCfg = Debug|Any CPU
		{8BEE8D47-3C26-4862-B75E-8ED843B41BA7}.Debug|Any CPU.Build.0 = Debug|Any CPU
		{8BEE8D47-3C26-4862-B75E-8ED843B41BA7}.Release|Any CPU.ActiveCfg = Release|Any CPU
		{8BEE8D47-3C26-4862-B75E-8ED843B41BA7}.Release|Any CPU.Build.0 = Release|Any CPU
	EndGlobalSection
	GlobalSection(SolutionProperties) = preSolution
		HideSolutionNode = FALSE
	EndGlobalSection
	GlobalSection(ExtensibilityGlobals) = postSolution
		SolutionGuid = {D5C8C251-6692-4993-89ED-DA7C8BD791B2}
	EndGlobalSection
EndGlobal
