
Microsoft Visual Studio Solution File, Format Version 12.00
# Visual Studio Version 17
VisualStudioVersion = 17.1.32210.238
MinimumVisualStudioVersion = 10.0.40219.1
Project("{FAE04EC0-301F-11D3-BF4B-00C04F79EFBC}") = "LoggerUsinsADO", "LoggerUsinsADO\LoggerUsinsADO.csproj", "{970730F9-D9CC-4000-B9EB-5AD98893DE59}"
EndProject
Global
	GlobalSection(SolutionConfigurationPlatforms) = preSolution
		Debug|Any CPU = Debug|Any CPU
		Release|Any CPU = Release|Any CPU
	EndGlobalSection
	GlobalSection(ProjectConfigurationPlatforms) = postSolution
		{970730F9-D9CC-4000-B9EB-5AD98893DE59}.Debug|Any CPU.ActiveCfg = Debug|Any CPU
		{970730F9-D9CC-4000-B9EB-5AD98893DE59}.Debug|Any CPU.Build.0 = Debug|Any CPU
		{970730F9-D9CC-4000-B9EB-5AD98893DE59}.Release|Any CPU.ActiveCfg = Release|Any CPU
		{970730F9-D9CC-4000-B9EB-5AD98893DE59}.Release|Any CPU.Build.0 = Release|Any CPU
	EndGlobalSection
	GlobalSection(SolutionProperties) = preSolution
		HideSolutionNode = FALSE
	EndGlobalSection
	GlobalSection(ExtensibilityGlobals) = postSolution
		SolutionGuid = {196C232F-11A3-4AD1-806A-307AE1F36180}
	EndGlobalSection
EndGlobal
