
Microsoft Visual Studio Solution File, Format Version 12.00
# Visual Studio Version 17
VisualStudioVersion = 17.1.32210.238
MinimumVisualStudioVersion = 10.0.40219.1
Project("{FAE04EC0-301F-11D3-BF4B-00C04F79EFBC}") = "WebAPIJWT", "WebAPIJWT.csproj", "{76FD0A90-81EE-4953-97B6-A887889D0C27}"
EndProject
Global
	GlobalSection(SolutionConfigurationPlatforms) = preSolution
		Debug|Any CPU = Debug|Any CPU
		Release|Any CPU = Release|Any CPU
	EndGlobalSection
	GlobalSection(ProjectConfigurationPlatforms) = postSolution
		{76FD0A90-81EE-4953-97B6-A887889D0C27}.Debug|Any CPU.ActiveCfg = Debug|Any CPU
		{76FD0A90-81EE-4953-97B6-A887889D0C27}.Debug|Any CPU.Build.0 = Debug|Any CPU
		{76FD0A90-81EE-4953-97B6-A887889D0C27}.Release|Any CPU.ActiveCfg = Release|Any CPU
		{76FD0A90-81EE-4953-97B6-A887889D0C27}.Release|Any CPU.Build.0 = Release|Any CPU
	EndGlobalSection
	GlobalSection(SolutionProperties) = preSolution
		HideSolutionNode = FALSE
	EndGlobalSection
	GlobalSection(ExtensibilityGlobals) = postSolution
		SolutionGuid = {5F9D6A7F-A2B9-4A0D-9F51-BD09C9B87149}
	EndGlobalSection
EndGlobal
