
Microsoft Visual Studio Solution File, Format Version 12.00
# Visual Studio Version 17
VisualStudioVersion = 17.1.32210.238
MinimumVisualStudioVersion = 10.0.40219.1
Project("{FAE04EC0-301F-11D3-BF4B-00C04F79EFBC}") = "DesignPattern", "DesignPattern\DesignPattern.csproj", "{063B0DF9-C2F9-47FC-A70E-40761F333846}"
EndProject
Global
	GlobalSection(SolutionConfigurationPlatforms) = preSolution
		Debug|Any CPU = Debug|Any CPU
		Release|Any CPU = Release|Any CPU
	EndGlobalSection
	GlobalSection(ProjectConfigurationPlatforms) = postSolution
		{063B0DF9-C2F9-47FC-A70E-40761F333846}.Debug|Any CPU.ActiveCfg = Debug|Any CPU
		{063B0DF9-C2F9-47FC-A70E-40761F333846}.Debug|Any CPU.Build.0 = Debug|Any CPU
		{063B0DF9-C2F9-47FC-A70E-40761F333846}.Release|Any CPU.ActiveCfg = Release|Any CPU
		{063B0DF9-C2F9-47FC-A70E-40761F333846}.Release|Any CPU.Build.0 = Release|Any CPU
	EndGlobalSection
	GlobalSection(SolutionProperties) = preSolution
		HideSolutionNode = FALSE
	EndGlobalSection
	GlobalSection(ExtensibilityGlobals) = postSolution
		SolutionGuid = {9B4E0135-2973-4618-9C7D-620DFFB172F3}
	EndGlobalSection
EndGlobal
