
Microsoft Visual Studio Solution File, Format Version 12.00
# Visual Studio Version 17
VisualStudioVersion = 17.2.32526.322
MinimumVisualStudioVersion = 10.0.40219.1
Project("{FAE04EC0-301F-11D3-BF4B-00C04F79EFBC}") = "WcfService", "WcfService\WcfService.csproj", "{6B771437-7E47-44C4-8463-C0E11FDF8FF2}"
EndProject
Project("{FAE04EC0-301F-11D3-BF4B-00C04F79EFBC}") = "WcfMVCApplication", "WcfMVCApplication\WcfMVCApplication.csproj", "{071561F2-DF6A-4CC9-BAA9-0E5279A324B2}"
	ProjectSection(ProjectDependencies) = postProject
		{6B771437-7E47-44C4-8463-C0E11FDF8FF2} = {6B771437-7E47-44C4-8463-C0E11FDF8FF2}
	EndProjectSection
EndProject
Global
	GlobalSection(SolutionConfigurationPlatforms) = preSolution
		Debug|Any CPU = Debug|Any CPU
		Release|Any CPU = Release|Any CPU
	EndGlobalSection
	GlobalSection(ProjectConfigurationPlatforms) = postSolution
		{6B771437-7E47-44C4-8463-C0E11FDF8FF2}.Debug|Any CPU.ActiveCfg = Debug|Any CPU
		{6B771437-7E47-44C4-8463-C0E11FDF8FF2}.Debug|Any CPU.Build.0 = Debug|Any CPU
		{6B771437-7E47-44C4-8463-C0E11FDF8FF2}.Release|Any CPU.ActiveCfg = Release|Any CPU
		{6B771437-7E47-44C4-8463-C0E11FDF8FF2}.Release|Any CPU.Build.0 = Release|Any CPU
		{071561F2-DF6A-4CC9-BAA9-0E5279A324B2}.Debug|Any CPU.ActiveCfg = Debug|Any CPU
		{071561F2-DF6A-4CC9-BAA9-0E5279A324B2}.Debug|Any CPU.Build.0 = Debug|Any CPU
		{071561F2-DF6A-4CC9-BAA9-0E5279A324B2}.Release|Any CPU.ActiveCfg = Release|Any CPU
		{071561F2-DF6A-4CC9-BAA9-0E5279A324B2}.Release|Any CPU.Build.0 = Release|Any CPU
	EndGlobalSection
	GlobalSection(SolutionProperties) = preSolution
		HideSolutionNode = FALSE
	EndGlobalSection
	GlobalSection(ExtensibilityGlobals) = postSolution
		SolutionGuid = {E81C854F-6F85-473D-9949-4499E7FB43C0}
	EndGlobalSection
EndGlobal
