
Microsoft Visual Studio Solution File, Format Version 12.00
# Visual Studio Version 17
VisualStudioVersion = 17.1.32210.238
MinimumVisualStudioVersion = 10.0.40219.1
Project("{FAE04EC0-301F-11D3-BF4B-00C04F79EFBC}") = "mini-project-givenby-madhusudan", "mini-project-givenby-madhusudan\mini-project-givenby-madhusudan.csproj", "{6D5973E2-B990-47B4-9123-331867DB5D9C}"
EndProject
Global
	GlobalSection(SolutionConfigurationPlatforms) = preSolution
		Debug|Any CPU = Debug|Any CPU
		Release|Any CPU = Release|Any CPU
	EndGlobalSection
	GlobalSection(ProjectConfigurationPlatforms) = postSolution
		{6D5973E2-B990-47B4-9123-331867DB5D9C}.Debug|Any CPU.ActiveCfg = Debug|Any CPU
		{6D5973E2-B990-47B4-9123-331867DB5D9C}.Debug|Any CPU.Build.0 = Debug|Any CPU
		{6D5973E2-B990-47B4-9123-331867DB5D9C}.Release|Any CPU.ActiveCfg = Release|Any CPU
		{6D5973E2-B990-47B4-9123-331867DB5D9C}.Release|Any CPU.Build.0 = Release|Any CPU
	EndGlobalSection
	GlobalSection(SolutionProperties) = preSolution
		HideSolutionNode = FALSE
	EndGlobalSection
	GlobalSection(ExtensibilityGlobals) = postSolution
		SolutionGuid = {E75EC3C7-193D-417C-A84F-098976DDD233}
	EndGlobalSection
EndGlobal
